
Microsoft Visual Studio Solution File, Format Version 12.00
# Visual Studio Version 16
VisualStudioVersion = 16.0.29728.190
MinimumVisualStudioVersion = 10.0.40219.1
Project("{FAE04EC0-301F-11D3-BF4B-00C04F79EFBC}") = "FinalProject", "FinalProject\FinalProject.csproj", "{80BFD6B5-6779-4B82-A293-0A718592D292}"
EndProject
Global
	GlobalSection(SolutionConfigurationPlatforms) = preSolution
		Debug|Any CPU = Debug|Any CPU
		Release|Any CPU = Release|Any CPU
	EndGlobalSection
	GlobalSection(ProjectConfigurationPlatforms) = postSolution
		{80BFD6B5-6779-4B82-A293-0A718592D292}.Debug|Any CPU.ActiveCfg = Debug|Any CPU
		{80BFD6B5-6779-4B82-A293-0A718592D292}.Debug|Any CPU.Build.0 = Debug|Any CPU
		{80BFD6B5-6779-4B82-A293-0A718592D292}.Release|Any CPU.ActiveCfg = Release|Any CPU
		{80BFD6B5-6779-4B82-A293-0A718592D292}.Release|Any CPU.Build.0 = Release|Any CPU
	EndGlobalSection
	GlobalSection(SolutionProperties) = preSolution
		HideSolutionNode = FALSE
	EndGlobalSection
	GlobalSection(ExtensibilityGlobals) = postSolution
		SolutionGuid = {B61ADC64-0116-4A44-9356-FD76D074E382}
	EndGlobalSection
EndGlobal
